lockfile_version: '1'
generated_at: '2026-05-08T11:27:31.216684+00:00'
apm_version: 0.12.4
dependencies:
- repo_url: ngicks/agents-package
  host: github.com
  resolved_commit: c6d54eb752d5e4ed6676de1137ef7d45e23456ad
  virtual_path: hooks/golangci-lint-fmt-after-edit
  is_virtual: true
  package_type: hook_package
  deployed_files:
  - .claude/hooks/golangci-lint-fmt-after-edit/run.sh
  - .codex/hooks/golangci-lint-fmt-after-edit/run.sh
  deployed_file_hashes:
    .claude/hooks/golangci-lint-fmt-after-edit/run.sh: sha256:1357cc481656077413fc49cbe095a2941e6a21034b254e298ad4ee12978d8d44
    .codex/hooks/golangci-lint-fmt-after-edit/run.sh: sha256:1357cc481656077413fc49cbe095a2941e6a21034b254e298ad4ee12978d8d44
  content_hash: sha256:2df09a9d0d9c5bf396e306a0e698aa4280f33add88070e1bbfca8eed78b324b3
- repo_url: ngicks/agents-package
  host: github.com
  resolved_commit: c6d54eb752d5e4ed6676de1137ef7d45e23456ad
  virtual_path: hooks/golangci-lint-run-after-edit
  is_virtual: true
  package_type: hook_package
  deployed_files:
  - .claude/hooks/golangci-lint-run-after-edit/run.sh
  - .codex/hooks/golangci-lint-run-after-edit/run.sh
  deployed_file_hashes:
    .claude/hooks/golangci-lint-run-after-edit/run.sh: sha256:9530f29de9d8eba8281463d21d58f8b021a327a10d2a911161036848d8ab5a64
    .codex/hooks/golangci-lint-run-after-edit/run.sh: sha256:9530f29de9d8eba8281463d21d58f8b021a327a10d2a911161036848d8ab5a64
  content_hash: sha256:4e6be68d8e52e2f3e36aeda23f0b5b7369336e9c938ba087dd69528bcac67051
- repo_url: ngicks/agents-package
  host: github.com
  resolved_commit: c6d54eb752d5e4ed6676de1137ef7d45e23456ad
  virtual_path: instructions/base-env.instructions.md
  is_virtual: true
  content_hash: sha256:e8e2f850d9cb676f3e9dc7756563576bc3dca4aed77f162987d88b6a7a0d18c5
- repo_url: ngicks/agents-package
  host: github.com
  resolved_commit: c6d54eb752d5e4ed6676de1137ef7d45e23456ad
  virtual_path: instructions/go/go-basics.instructions.md
  is_virtual: true
  deployed_files:
  - .claude/rules/go-basics.md
  deployed_file_hashes:
    .claude/rules/go-basics.md: sha256:9e9687137db1dcd534e909aa4bc1ae62e0439d849837cb2bed37791a8d01616f
  content_hash: sha256:3377a6fbb48ef1d8f562c62cc7b382d85c75964726c423ba14dde945bbb0bead
- repo_url: ngicks/agents-package
  host: github.com
  resolved_commit: c6d54eb752d5e4ed6676de1137ef7d45e23456ad
  virtual_path: instructions/go/go-design-preference.instructions.md
  is_virtual: true
  deployed_files:
  - .claude/rules/go-design-preference.md
  deployed_file_hashes:
    .claude/rules/go-design-preference.md: sha256:0a0c45354f94f7333de69d5fe4ff1cb247736155a0ba1645b7db3c101572f773
  content_hash: sha256:08392ce26cee0ed77f6865678fe518f2e224c3706351936d7e59eed4b5e4d43b
- repo_url: ngicks/agents-package
  host: github.com
  resolved_commit: c6d54eb752d5e4ed6676de1137ef7d45e23456ad
  virtual_path: skills/go-check-outdated-patterns
  is_virtual: true
  package_type: claude_skill
  deployed_files:
  - .agents/skills/go-check-outdated-patterns
  - .claude/skills/go-check-outdated-patterns
  content_hash: sha256:685001bfd8f313b73fd9534494c06dde40f1d596c25afc2310a4c4ee9f4f92ed
- repo_url: ngicks/agents-package
  host: github.com
  resolved_commit: c6d54eb752d5e4ed6676de1137ef7d45e23456ad
  virtual_path: skills/go-edit-cobra
  is_virtual: true
  package_type: claude_skill
  deployed_files:
  - .agents/skills/go-edit-cobra
  - .claude/skills/go-edit-cobra
  content_hash: sha256:b8a896506b43fc07517f4d8706d059964ffe56a61b140e1aeb0263ec867a17c7
- repo_url: ngicks/agents-package
  host: github.com
  resolved_commit: c6d54eb752d5e4ed6676de1137ef7d45e23456ad
  virtual_path: skills/go-review-checklist
  is_virtual: true
  package_type: claude_skill
  deployed_files:
  - .agents/skills/go-review-checklist
  - .claude/skills/go-review-checklist
  content_hash: sha256:803eafe81d54641d0d543e1fdd9b84be15804dc7045eed7f36764d142c7ad641
local_deployed_files:
- .claude/rules/base.md
local_deployed_file_hashes:
  .claude/rules/base.md: sha256:254d4c66cc571ec4f58e45a4579619bc88a3423c42d19ad012fb1f1c11909433
